
Microsoft Visual Studio Solution File, Format Version 12.00
# Visual Studio Version 17
VisualStudioVersion = 17.14.36212.18 d17.14
MinimumVisualStudioVersion = 10.0.40219.1
Project("{FAE04EC0-301F-11D3-BF4B-00C04F79EFBC}") = "Demo", "Demo\Demo.csproj", "{93C736EA-EB35-4D97-BAF7-97645A81644B}"
EndProject
Project("{FAE04EC0-301F-11D3-BF4B-00C04F79EFBC}") = "Assignment", "Assignment\Assignment.csproj", "{FB774AE3-AFDC-499A-B58B-4AF3F05F9D2D}"
EndProject
Global
	GlobalSection(SolutionConfigurationPlatforms) = preSolution
		Debug|Any CPU = Debug|Any CPU
		Release|Any CPU = Release|Any CPU
	EndGlobalSection
	GlobalSection(ProjectConfigurationPlatforms) = postSolution
		{93C736EA-EB35-4D97-BAF7-97645A81644B}.Debug|Any CPU.ActiveCfg = Debug|Any CPU
		{93C736EA-EB35-4D97-BAF7-97645A81644B}.Debug|Any CPU.Build.0 = Debug|Any CPU
		{93C736EA-EB35-4D97-BAF7-97645A81644B}.Release|Any CPU.ActiveCfg = Release|Any CPU
		{93C736EA-EB35-4D97-BAF7-97645A81644B}.Release|Any CPU.Build.0 = Release|Any CPU
		{FB774AE3-AFDC-499A-B58B-4AF3F05F9D2D}.Debug|Any CPU.ActiveCfg = Debug|Any CPU
		{FB774AE3-AFDC-499A-B58B-4AF3F05F9D2D}.Debug|Any CPU.Build.0 = Debug|Any CPU
		{FB774AE3-AFDC-499A-B58B-4AF3F05F9D2D}.Release|Any CPU.ActiveCfg = Release|Any CPU
		{FB774AE3-AFDC-499A-B58B-4AF3F05F9D2D}.Release|Any CPU.Build.0 = Release|Any CPU
	EndGlobalSection
	GlobalSection(SolutionProperties) = preSolution
		HideSolutionNode = FALSE
	EndGlobalSection
	GlobalSection(ExtensibilityGlobals) = postSolution
		SolutionGuid = {46930539-1656-4B11-B69F-FDD0F4F27562}
	EndGlobalSection
EndGlobal
